# This file is automatically @generated by Cargo.
# It is not intended for manual editing.
version = 4

[[package]]
name = "rustprop"
version = "0.1.0"
dependencies = [
 "rustprop-core",
 "rustprop-cubics",
 "rustprop-heos",
 "rustprop-humid-air",
 "rustprop-if97",
 "rustprop-incompressible",
 "rustprop-pcsaft",
 "rustprop-svdsbtl",
 "rustprop-tabular",
]

[[package]]
name = "rustprop-cli"
version = "0.1.0"
dependencies = [
 "rustprop",
]

[[package]]
name = "rustprop-core"
version = "0.1.0"

[[package]]
name = "rustprop-cubics"
version = "0.1.0"
dependencies = [
 "rustprop-core",
]

[[package]]
name = "rustprop-data"
version = "0.1.0"
dependencies = [
 "rustprop-core",
]

[[package]]
name = "rustprop-datagen"
version = "0.1.0"

[[package]]
name = "rustprop-heos"
version = "0.1.0"
dependencies = [
 "rustprop-core",
]

[[package]]
name = "rustprop-humid-air"
version = "0.1.0"
dependencies = [
 "rustprop-core",
]

[[package]]
name = "rustprop-if97"
version = "0.1.0"
dependencies = [
 "rustprop-core",
]

[[package]]
name = "rustprop-incompressible"
version = "0.1.0"
dependencies = [
 "rustprop-core",
]

[[package]]
name = "rustprop-pcsaft"
version = "0.1.0"
dependencies = [
 "rustprop-core",
]

[[package]]
name = "rustprop-svdsbtl"
version = "0.1.0"
dependencies = [
 "rustprop-core",
]

[[package]]
name = "rustprop-tabular"
version = "0.1.0"
dependencies = [
 "rustprop-core",
]
