# This file is automatically @generated by Cargo.
# It is not intended for manual editing.
version = 4

[[package]]
name = "perf-bench"
version = "0.0.0"
dependencies = [
 "rustprop",
 "rustprop-core",
 "rustprop-data",
 "rustprop-heos",
 "rustprop-tabular",
]

[[package]]
name = "rustprop"
version = "0.1.0"
dependencies = [
 "rustprop-core",
 "rustprop-data",
 "rustprop-heos",
 "rustprop-tabular",
]

[[package]]
name = "rustprop-core"
version = "0.1.0"

[[package]]
name = "rustprop-data"
version = "0.1.0"
dependencies = [
 "rustprop-core",
]

[[package]]
name = "rustprop-heos"
version = "0.1.0"
dependencies = [
 "rustprop-core",
]

[[package]]
name = "rustprop-tabular"
version = "0.1.0"
dependencies = [
 "rustprop-core",
 "rustprop-heos",
]
